# This file is automatically @generated by Poetry and should not be changed by hand.

[[package]]
name = "attrs"
version = "22.1.0"
description = "Classes Without Boilerplate"
category = "dev"
optional = false
python-versions = ">=3.5"
files = [
    {file = "attrs-22.1.0-py2.py3-none-any.whl", hash = "sha256:86efa402f67bf2df34f51a335487cf46b1ec130d02b8d39fd248abfd30da551c"},
    {file = "attrs-22.1.0.tar.gz", hash = "sha256:29adc2665447e5191d0e7c568fde78b21f9672d344281d0c6e1ab085429b22b6"},
]

[package.extras]
dev = ["cloudpickle", "coverage[toml] (>=5.0.2)", "furo", "hypothesis", "mypy (>=0.900,!=0.940)", "pre-commit", "pympler", "pytest (>=4.3.0)", "pytest-mypy-plugins", "sphinx", "sphinx-notfound-page", "zope.interface"]
docs = ["furo", "sphinx", "sphinx-notfound-page", "zope.interface"]
tests = ["cloudpickle", "coverage[toml] (>=5.0.2)", "hypothesis", "mypy (>=0.900,!=0.940)", "pympler", "pytest (>=4.3.0)", "pytest-mypy-plugins", "zope.interface"]
tests-no-zope = ["cloudpickle", "coverage[toml] (>=5.0.2)", "hypothesis", "mypy (>=0.900,!=0.940)", "pympler", "pytest (>=4.3.0)", "pytest-mypy-plugins"]

[[package]]
name = "certifi"
version = "2022.12.7"
description = "Python package for providing Mozilla's CA Bundle."
category = "main"
optional = false
python-versions = ">=3.6"
files = [
    {file = "certifi-2022.12.7-py3-none-any.whl", hash = "sha256:4ad3232f5e926d6718ec31cfc1fcadfde020920e278684144551c91769c7bc18"},
    {file = "certifi-2022.12.7.tar.gz", hash = "sha256:35824b4c3a97115964b408844d64aa14db1cc518f6562e8d7261699d1350a9e3"},
]

[[package]]
name = "charset-normalizer"
version = "2.1.1"
description = "The Real First Universal Charset Detector. Open, modern and actively maintained alternative to Chardet."
category = "main"
optional = false
python-versions = ">=3.6.0"
files = [
    {file = "charset-normalizer-2.1.1.tar.gz", hash = "sha256:5a3d016c7c547f69d6f81fb0db9449ce888b418b5b9952cc5e6e66843e9dd845"},
    {file = "charset_normalizer-2.1.1-py3-none-any.whl", hash = "sha256:83e9a75d1911279afd89352c68b45348559d1fc0506b054b346651b5e7fee29f"},
]

[package.extras]
unicode-backport = ["unicodedata2"]

[[package]]
name = "colorama"
version = "0.4.6"
description = "Cross-platform colored terminal text."
category = "dev"
optional = false
python-versions = "!=3.0.*,!=3.1.*,!=3.2.*,!=3.3.*,!=3.4.*,!=3.5.*,!=3.6.*,>=2.7"
files = [
    {file = "colorama-0.4.6-py2.py3-none-any.whl", hash = "sha256:4f1d9991f5acc0ca119f9d443620b77f9d6b33703e51011c16baf57afb285fc6"},
    {file = "colorama-0.4.6.tar.gz", hash = "sha256:08695f5cb7ed6e0531a20572697297273c47b8cae5a63ffc6d6ed5c201be6e44"},
]

[[package]]
name = "commonmark"
version = "0.9.1"
description = "Python parser for the CommonMark Markdown spec"
category = "main"
optional = false
python-versions = "*"
files = [
    {file = "commonmark-0.9.1-py2.py3-none-any.whl", hash = "sha256:da2f38c92590f83de410ba1a3cbceafbc74fee9def35f9251ba9a971d6d66fd9"},
    {file = "commonmark-0.9.1.tar.gz", hash = "sha256:452f9dc859be7f06631ddcb328b6919c67984aca654e5fefb3914d54691aed60"},
]

[package.extras]
test = ["flake8 (==3.7.8)", "hypothesis (==3.55.3)"]

[[package]]
name = "cyclonedx-bom"
version = "3.10.1"
description = "CycloneDX Software Bill of Materials (SBOM) generation utility"
category = "main"
optional = false
python-versions = ">=3.6,<4.0"

[package.dependencies]
cyclonedx-python-lib = ">=2.0.0,<4.0.0"
packageurl-python = ">=0.9"
pip-requirements-parser = ">=32.0.0,<33.0.0"
setuptools = ">=47.0.0"
toml = ">=0.10.0,<0.11.0"

[[package]]
name = "cyclonedx-python-lib"
version = "3.1.5"
description = "A library for producing CycloneDX SBOM (Software Bill of Materials) files."
category = "main"
optional = false
python-versions = ">=3.6,<4.0"

[package.dependencies]
packageurl-python = ">=0.9"
setuptools = ">=47.0.0"
sortedcontainers = ">=2.4.0,<3.0.0"
toml = ">=0.10.0,<0.11.0"

[[package]]
name = "exceptiongroup"
version = "1.0.4"
description = "Backport of PEP 654 (exception groups)"
category = "dev"
optional = false
python-versions = ">=3.7"
files = [
    {file = "exceptiongroup-1.0.4-py3-none-any.whl", hash = "sha256:542adf9dea4055530d6e1279602fa5cb11dab2395fa650b8674eaec35fc4a828"},
    {file = "exceptiongroup-1.0.4.tar.gz", hash = "sha256:bd14967b79cd9bdb54d97323216f8fdf533e278df937aa2a90089e7d6e06e5ec"},
]

[package.extras]
test = ["pytest (>=6)"]

[[package]]
name = "idna"
version = "3.4"
description = "Internationalized Domain Names in Applications (IDNA)"
category = "main"
optional = false
python-versions = ">=3.5"
files = [
    {file = "idna-3.4-py3-none-any.whl", hash = "sha256:90b77e79eaa3eba6de819a0c442c0b4ceefc341a7a2ab77d7562bf49f425c5c2"},
    {file = "idna-3.4.tar.gz", hash = "sha256:814f528e8dead7d329833b91c5faa87d60bf71824cd12a7530b5526063d02cb4"},
]

[[package]]
name = "iniconfig"
version = "1.1.1"
description = "iniconfig: brain-dead simple config-ini parsing"
category = "dev"
optional = false
python-versions = "*"
files = [
    {file = "iniconfig-1.1.1-py2.py3-none-any.whl", hash = "sha256:011e24c64b7f47f6ebd835bb12a743f2fbe9a26d4cecaa7f53bc4f35ee9da8b3"},
    {file = "iniconfig-1.1.1.tar.gz", hash = "sha256:bc3af051d7d14b2ee5ef9969666def0cd1a000e121eaea580d4a313df4b37f32"},
]

[[package]]
name = "packageurl-python"
version = "0.10.4"
description = "A purl aka. Package URL parser and builder"
category = "main"
optional = false
python-versions = ">=3.6"

[package.extras]
build = ["wheel"]
test = ["black", "isort", "pytest"]

[[package]]
name = "packaging"
version = "22.0"
description = "Core utilities for Python packages"
category = "main"
optional = false
python-versions = ">=3.7"
files = [
    {file = "packaging-22.0-py3-none-any.whl", hash = "sha256:957e2148ba0e1a3b282772e791ef1d8083648bc131c8ab0c1feba110ce1146c3"},
    {file = "packaging-22.0.tar.gz", hash = "sha256:2198ec20bd4c017b8f9717e00f0c8714076fc2fd93816750ab48e2c41de2cfd3"},
]

[[package]]
name = "pip-requirements-parser"
version = "32.0.1"
description = "pip requirements parser - a mostly correct pip requirements parsing library because it uses pip's own code."
category = "main"
optional = false
python-versions = ">=3.6.0"

[package.dependencies]
packaging = "*"
pyparsing = "*"

[package.extras]
docs = ["Sphinx (>=3.3.1)", "doc8 (>=0.8.1)", "sphinx-rtd-theme (>=0.5.0)"]
testing = ["aboutcode-toolkit (>=6.0.0)", "black", "pytest (>=6,!=7.0.0)", "pytest-xdist (>=2)"]

[[package]]
name = "pluggy"
version = "1.0.0"
description = "plugin and hook calling mechanisms for python"
category = "dev"
optional = false
python-versions = ">=3.6"
files = [
    {file = "pluggy-1.0.0-py2.py3-none-any.whl", hash = "sha256:74134bbf457f031a36d68416e1509f34bd5ccc019f0bcc952c7b909d06b37bd3"},
    {file = "pluggy-1.0.0.tar.gz", hash = "sha256:4224373bacce55f955a878bf9cfa763c1e360858e330072059e10bad68531159"},
]

[package.extras]
dev = ["pre-commit", "tox"]
testing = ["pytest", "pytest-benchmark"]

[[package]]
name = "pygments"
version = "2.13.0"
description = "Pygments is a syntax highlighting package written in Python."
category = "main"
optional = false
python-versions = ">=3.6"
files = [
    {file = "Pygments-2.13.0-py3-none-any.whl", hash = "sha256:f643f331ab57ba3c9d89212ee4a2dabc6e94f117cf4eefde99a0574720d14c42"},
    {file = "Pygments-2.13.0.tar.gz", hash = "sha256:56a8508ae95f98e2b9bdf93a6be5ae3f7d8af858b43e02c5a2ff083726be40c1"},
]

[package.extras]
plugins = ["importlib-metadata"]

[[package]]
name = "pyparsing"
version = "3.0.9"
description = "pyparsing module - Classes and methods to define and execute parsing grammars"
category = "main"
optional = false
python-versions = ">=3.6.8"

[package.extras]
diagrams = ["jinja2", "railroad-diagrams"]

[[package]]
name = "pytest"
version = "7.2.0"
description = "pytest: simple powerful testing with Python"
category = "dev"
optional = false
python-versions = ">=3.7"
files = [
    {file = "pytest-7.2.0-py3-none-any.whl", hash = "sha256:892f933d339f068883b6fd5a459f03d85bfcb355e4981e146d2c7616c21fef71"},
    {file = "pytest-7.2.0.tar.gz", hash = "sha256:c4014eb40e10f11f355ad4e3c2fb2c6c6d1919c73f3b5a433de4708202cade59"},
]

[package.dependencies]
attrs = ">=19.2.0"
colorama = {version = "*", markers = "sys_platform == \"win32\""}
exceptiongroup = {version = ">=1.0.0rc8", markers = "python_version < \"3.11\""}
iniconfig = "*"
packaging = "*"
pluggy = ">=0.12,<2.0"
tomli = {version = ">=1.0.0", markers = "python_version < \"3.11\""}

[package.extras]
testing = ["argcomplete", "hypothesis (>=3.56)", "mock", "nose", "pygments (>=2.7.2)", "requests", "xmlschema"]

[[package]]
name = "python-dotenv"
version = "0.20.0"
description = "Read key-value pairs from a .env file and set them as environment variables"
category = "main"
optional = false
python-versions = ">=3.5"
files = [
    {file = "python-dotenv-0.20.0.tar.gz", hash = "sha256:b7e3b04a59693c42c36f9ab1cc2acc46fa5df8c78e178fc33a8d4cd05c8d498f"},
    {file = "python_dotenv-0.20.0-py3-none-any.whl", hash = "sha256:d92a187be61fe482e4fd675b6d52200e7be63a12b724abbf931a40ce4fa92938"},
]

[package.extras]
cli = ["click (>=5.0)"]

[[package]]
name = "requests"
version = "2.31.0"
description = "Python HTTP for Humans."
category = "main"
optional = false
python-versions = ">=3.7"
files = [
    {file = "requests-2.31.0-py3-none-any.whl", hash = "sha256:58cd2187c01e70e6e26505bca751777aa9f2ee0b7f4300988b709f44e013003f"},
    {file = "requests-2.31.0.tar.gz", hash = "sha256:942c5a758f98d790eaed1a29cb6eefc7ffb0d1cf7af05c3d2791656dbd6ad1e1"},
]

[package.dependencies]
certifi = ">=2017.4.17"
charset-normalizer = ">=2,<4"
idna = ">=2.5,<4"
urllib3 = ">=1.21.1,<3"

[package.extras]
socks = ["PySocks (>=1.5.6,!=1.5.7)"]
use-chardet-on-py3 = ["chardet (>=3.0.2,<6)"]

[[package]]
name = "rich"
version = "12.6.0"
description = "Render rich text, tables, progress bars, syntax highlighting, markdown and more to the terminal"
category = "main"
optional = false
python-versions = ">=3.6.3,<4.0.0"
files = [
    {file = "rich-12.6.0-py3-none-any.whl", hash = "sha256:a4eb26484f2c82589bd9a17c73d32a010b1e29d89f1604cd9bf3a2097b81bb5e"},
    {file = "rich-12.6.0.tar.gz", hash = "sha256:ba3a3775974105c221d31141f2c116f4fd65c5ceb0698657a11e9f295ec93fd0"},
]

[package.dependencies]
commonmark = ">=0.9.0,<0.10.0"
pygments = ">=2.6.0,<3.0.0"

[package.extras]
jupyter = ["ipywidgets (>=7.5.1,<8.0.0)"]

[[package]]
name = "setuptools"
version = "65.7.0"
description = "Easily download, build, install, upgrade, and uninstall Python packages"
category = "main"
optional = false
python-versions = ">=3.7"

[package.extras]
docs = ["furo", "jaraco.packaging (>=9)", "jaraco.tidelift (>=1.4)", "pygments-github-lexers (==0.0.5)", "rst.linker (>=1.9)", "sphinx (>=3.5)", "sphinx-favicon", "sphinx-hoverxref (<2)", "sphinx-inline-tabs", "sphinx-lint", "sphinx-notfound-page (==0.8.3)", "sphinx-reredirects", "sphinxcontrib-towncrier"]
testing = ["build[virtualenv]", "filelock (>=3.4.0)", "flake8 (<5)", "flake8-2020", "ini2toml[lite] (>=0.9)", "jaraco.envs (>=2.2)", "jaraco.path (>=3.2.0)", "pip (>=19.1)", "pip-run (>=8.8)", "pytest (>=6)", "pytest-black (>=0.3.7)", "pytest-checkdocs (>=2.4)", "pytest-cov", "pytest-enabler (>=1.3)", "pytest-flake8", "pytest-mypy (>=0.9.1)", "pytest-perf", "pytest-timeout", "pytest-xdist", "tomli-w (>=1.0.0)", "virtualenv (>=13.0.0)", "wheel"]
testing-integration = ["build[virtualenv]", "filelock (>=3.4.0)", "jaraco.envs (>=2.2)", "jaraco.path (>=3.2.0)", "pytest", "pytest-enabler", "pytest-xdist", "tomli", "virtualenv (>=13.0.0)", "wheel"]

[[package]]
name = "sortedcontainers"
version = "2.4.0"
description = "Sorted Containers -- Sorted List, Sorted Dict, Sorted Set"
category = "main"
optional = false
python-versions = "*"

[[package]]
name = "toml"
version = "0.10.2"
description = "Python Library for Tom's Obvious, Minimal Language"
category = "main"
optional = false
python-versions = ">=2.6, !=3.0.*, !=3.1.*, !=3.2.*"

[[package]]
name = "tomli"
version = "2.0.1"
description = "A lil' TOML parser"
category = "dev"
optional = false
python-versions = ">=3.7"
files = [
    {file = "tomli-2.0.1-py3-none-any.whl", hash = "sha256:939de3e7a6161af0c887ef91b7d41a53e7c5a1ca976325f429cb46ea9bc30ecc"},
    {file = "tomli-2.0.1.tar.gz", hash = "sha256:de526c12914f0c550d15924c62d72abc48d6fe7364aa87328337a31007fe8a4f"},
]

[[package]]
name = "urllib3"
version = "1.26.13"
description = "HTTP library with thread-safe connection pooling, file post, and more."
category = "main"
optional = false
python-versions = ">=2.7, !=3.0.*, !=3.1.*, !=3.2.*, !=3.3.*, !=3.4.*, !=3.5.*"
files = [
    {file = "urllib3-1.26.13-py2.py3-none-any.whl", hash = "sha256:47cc05d99aaa09c9e72ed5809b60e7ba354e64b59c9c173ac3018642d8bb41fc"},
    {file = "urllib3-1.26.13.tar.gz", hash = "sha256:c083dd0dce68dbfbe1129d5271cb90f9447dea7d52097c6e0126120c521ddea8"},
]

[package.extras]
brotli = ["brotli (>=1.0.9)", "brotlicffi (>=0.8.0)", "brotlipy (>=0.6.0)"]
secure = ["certifi", "cryptography (>=1.3.4)", "idna (>=2.0.0)", "ipaddress", "pyOpenSSL (>=0.14)", "urllib3-secure-extra"]
socks = ["PySocks (>=1.5.6,!=1.5.7,<2.0)"]

[[package]]
name = "xlrd"
version = "2.0.1"
description = "Library for developers to extract data from Microsoft Excel (tm) .xls spreadsheet files"
category = "main"
optional = false
python-versions = ">=2.7, !=3.0.*, !=3.1.*, !=3.2.*, !=3.3.*, !=3.4.*, !=3.5.*"
files = [
    {file = "xlrd-2.0.1-py2.py3-none-any.whl", hash = "sha256:6a33ee89877bd9abc1158129f6e94be74e2679636b8a205b43b85206c3f0bbdd"},
    {file = "xlrd-2.0.1.tar.gz", hash = "sha256:f72f148f54442c6b056bf931dbc34f986fd0c3b0b6b5a58d013c9aef274d0c88"},
]

[package.extras]
build = ["twine", "wheel"]
docs = ["sphinx"]
test = ["pytest", "pytest-cov"]

[metadata]
lock-version = "2.0"
python-versions = "~3.9"